// !$*UTF8*$!
{
	archiveVersion = 1;
	classes = {
	};
	objectVersion = 46;
	objects = {

/* Begin PBXBuildFile section */
		018ADC3C1DF4A74100D9EDF8 /* AppDelegate.swift in Sources */ = {isa = PBXBuildFile; fileRef = 018ADC3B1DF4A74100D9EDF8 /* AppDelegate.swift */; };
		018ADC3E1DF4A74100D9EDF8 /* ViewController.swift in Sources */ = {isa = PBXBuildFile; fileRef = 018ADC3D1DF4A74100D9EDF8 /* ViewController.swift */; };
		018ADC411DF4A74100D9EDF8 /* Main.storyboard in Resources */ = {isa = PBXBuildFile; fileRef = 018ADC3F1DF4A74100D9EDF8 /* Main.storyboard */; };
		018ADC431DF4A74100D9EDF8 /* Assets.xcassets in Resources */ = {isa = PBXBuildFile; fileRef = 018ADC421DF4A74100D9EDF8 /* Assets.xcassets */; };
		018ADC461DF4A74100D9EDF8 /* LaunchScreen.storyboard in Resources */ = {isa = PBXBuildFile; fileRef = 018ADC441DF4A74100D9EDF8 /* LaunchScreen.storyboard */; };
		018ADC511DF4A74100D9EDF8 /* CardPuncherTests.swift in Sources */ = {isa = PBXBuildFile; fileRef = 018ADC501DF4A74100D9EDF8 /* CardPuncherTests.swift */; };
		018ADC5C1DF4A74100D9EDF8 /* CardPuncherUITests.swift in Sources */ = {isa = PBXBuildFile; fileRef = 018ADC5B1DF4A74100D9EDF8 /* CardPuncherUITests.swift */; };
/* End PBXBuildFile section */

/* Begin PBXContainerItemProxy section */
		018ADC4D1DF4A74100D9EDF8 /* PBXContainerItemProxy */ = {
			isa = PBXContainerItemProxy;
			containerPortal = 018ADC301DF4A74100D9EDF8 /* Project object */;
			proxyType = 1;
			remoteGlobalIDString = 018ADC371DF4A74100D9EDF8;
			remoteInfo = CardPuncher;
		};
		018ADC581DF4A74100D9EDF8 /* PBXContainerItemProxy */ = {
			isa = PBXContainerItemProxy;
			containerPortal = 018ADC301DF4A74100D9EDF8 /* Project object */;
			proxyType = 1;
			remoteGlobalIDString = 018ADC371DF4A74100D9EDF8;
			remoteInfo = CardPuncher;
		};
/* End PBXContainerItemProxy section */

/* Begin PBXFileReference section */
		018ADC381DF4A74100D9EDF8 /* CardPuncher.app */ = {isa = PBXFileReference; explicitFileType = wrapper.application; includeInIndex = 0; path = CardPuncher.app; sourceTree = BUILT_PRODUCTS_DIR; };
		018ADC3B1DF4A74100D9EDF8 /* AppDelegate.swift */ = {isa = PBXFileReference; lastKnownFileType = sourcecode.swift; path = AppDelegate.swift; sourceTree = "<group>"; };
		018ADC3D1DF4A74100D9EDF8 /* ViewController.swift */ = {isa = PBXFileReference; lastKnownFileType = sourcecode.swift; path = ViewController.swift; sourceTree = "<group>"; };
		018ADC401DF4A74100D9EDF8 /* Base */ = {isa = PBXFileReference; lastKnownFileType = file.storyboard; name = Base; path = Base.lproj/Main.storyboard; sourceTree = "<group>"; };
		018ADC421DF4A74100D9EDF8 /* Assets.xcassets */ = {isa = PBXFileReference; lastKnownFileType = folder.assetcatalog; path = Assets.xcassets; sourceTree = "<group>"; };
		018ADC451DF4A74100D9EDF8 /* Base */ = {isa = PBXFileReference; lastKnownFileType = file.storyboard; name = Base; path = Base.lproj/LaunchScreen.storyboard; sourceTree = "<group>"; };
		018ADC471DF4A74100D9EDF8 /* Info.plist */ = {isa = PBXFileReference; lastKnownFileType = text.plist.xml; path = Info.plist; sourceTree = "<group>"; };
		018ADC4C1DF4A74100D9EDF8 /* CardPuncherTests.xctest */ = {isa = PBXFileReference; explicitFileType = wrapper.cfbundle; includeInIndex = 0; path = CardPuncherTests.xctest; sourceTree = BUILT_PRODUCTS_DIR; };
		018ADC501DF4A74100D9EDF8 /* CardPuncherTests.swift */ = {isa = PBXFileReference; lastKnownFileType = sourcecode.swift; path = CardPuncherTests.swift; sourceTree = "<group>"; };
		018ADC521DF4A74100D9EDF8 /* Info.plist */ = {isa = PBXFileReference; lastKnownFileType = text.plist.xml; path = Info.plist; sourceTree = "<group>"; };
		018ADC571DF4A74100D9EDF8 /* CardPuncherUITests.xctest */ = {isa = PBXFileReference; explicitFileType = wrapper.cfbundle; includeInIndex = 0; path = CardPuncherUITests.xctest; sourceTree = BUILT_PRODUCTS_DIR; };
		018ADC5B1DF4A74100D9EDF8 /* CardPuncherUITests.swift */ = {isa = PBXFileReference; lastKnownFileType = sourcecode.swift; path = CardPuncherUITests.swift; sourceTree = "<group>"; };
		018ADC5D1DF4A74100D9EDF8 /* Info.plist */ = {isa = PBXFileReference; lastKnownFileType = text.plist.xml; path = Info.plist; sourceTree = "<group>"; };
/* End PBXFileReference section */

/* Begin PBXFrameworksBuildPhase section */
		018ADC351DF4A74100D9EDF8 /* Frameworks */ = {
			isa = PBXFrameworksBuildPhase;
			buildActionMask = 2147483647;
			files = (
			);
			runOnlyForDeploymentPostprocessing = 0;
		};
		018ADC491DF4A74100D9EDF8 /* Frameworks */ = {
			isa = PBXFrameworksBuildPhase;
			buildActionMask = 2147483647;
			files = (
			);
			runOnlyForDeploymentPostprocessing = 0;
		};
		018ADC541DF4A74100D9EDF8 /* Frameworks */ = {
			isa = PBXFrameworksBuildPhase;
			buildActionMask = 2147483647;
			files = (
			);
			runOnlyForDeploymentPostprocessing = 0;
		};
/* End PBXFrameworksBuildPhase section */

/* Begin PBXGroup section */
		018ADC2F1DF4A74100D9EDF8 = {
			isa = PBXGroup;
			children = (
				018ADC3A1DF4A74100D9EDF8 /* CardPuncher */,
				018ADC4F1DF4A74100D9EDF8 /* CardPuncherTests */,
				018ADC5A1DF4A74100D9EDF8 /* CardPuncherUITests */,
				018ADC391DF4A74100D9EDF8 /* Products */,
			);
			sourceTree = "<group>";
		};
		018ADC391DF4A74100D9EDF8 /* Products */ = {
			isa = PBXGroup;
			children = (
				018ADC381DF4A74100D9EDF8 /* CardPuncher.app */,
				018ADC4C1DF4A74100D9EDF8 /* CardPuncherTests.xctest */,
				018ADC571DF4A74100D9EDF8 /* CardPuncherUITests.xctest */,
			);
			name = Products;
			sourceTree = "<group>";
		};
		018ADC3A1DF4A74100D9EDF8 /* CardPuncher */ = {
			isa = PBXGroup;
			children = (
				018ADC3B1DF4A74100D9EDF8 /* AppDelegate.swift */,
				018ADC3D1DF4A74100D9EDF8 /* ViewController.swift */,
				018ADC3F1DF4A74100D9EDF8 /* Main.storyboard */,
				018ADC421DF4A74100D9EDF8 /* Assets.xcassets */,
				018ADC441DF4A74100D9EDF8 /* LaunchScreen.storyboard */,
				018ADC471DF4A74100D9EDF8 /* Info.plist */,
			);
			path = CardPuncher;
			sourceTree = "<group>";
		};
		018ADC4F1DF4A74100D9EDF8 /* CardPuncherTests */ = {
			isa = PBXGroup;
			children = (
				018ADC501DF4A74100D9EDF8 /* CardPuncherTests.swift */,
				018ADC521DF4A74100D9EDF8 /* Info.plist */,
			);
			path = CardPuncherTests;
			sourceTree = "<group>";
		};
		018ADC5A1DF4A74100D9EDF8 /* CardPuncherUITests */ = {
			isa = PBXGroup;
			children = (
				018ADC5B1DF4A74100D9EDF8 /* CardPuncherUITests.swift */,
				018ADC5D1DF4A74100D9EDF8 /* Info.plist */,
			);
			path = CardPuncherUITests;
			sourceTree = "<group>";
		};
/* End PBXGroup section */

/* Begin PBXNativeTarget section */
		018ADC371DF4A74100D9EDF8 /* CardPuncher */ = {
			isa = PBXNativeTarget;
			buildConfigurationList = 018ADC601DF4A74100D9EDF8 /* Build configuration list for PBXNativeTarget "CardPuncher" */;
			buildPhases = (
				018ADC341DF4A74100D9EDF8 /* Sources */,
				018ADC351DF4A74100D9EDF8 /* Frameworks */,
				018ADC361DF4A74100D9EDF8 /* Resources */,
			);
			buildRules = (
			);
			dependencies = (
			);
			name = CardPuncher;
			productName = CardPuncher;
			productReference = 018ADC381DF4A74100D9EDF8 /* CardPuncher.app */;
			productType = "com.apple.product-type.application";
		};
		018ADC4B1DF4A74100D9EDF8 /* CardPuncherTests */ = {
			isa = PBXNativeTarget;
			buildConfigurationList = 018ADC631DF4A74100D9EDF8 /* Build configuration list for PBXNativeTarget "CardPuncherTests" */;
			buildPhases = (
				018ADC481DF4A74100D9EDF8 /* Sources */,
				018ADC491DF4A74100D9EDF8 /* Frameworks */,
				018ADC4A1DF4A74100D9EDF8 /* Resources */,
			);
			buildRules = (
			);
			dependencies = (
				018ADC4E1DF4A74100D9EDF8 /* PBXTargetDependency */,
			);
			name = CardPuncherTests;
			productName = CardPuncherTests;
			productReference = 018ADC4C1DF4A74100D9EDF8 /* CardPuncherTests.xctest */;
			productType = "com.apple.product-type.bundle.unit-test";
		};
		018ADC561DF4A74100D9EDF8 /* CardPuncherUITests */ = {
			isa = PBXNativeTarget;
			buildConfigurationList = 018ADC661DF4A74100D9EDF8 /* Build configuration list for PBXNativeTarget "CardPuncherUITests" */;
			buildPhases = (
				018ADC531DF4A74100D9EDF8 /* Sources */,
				018ADC541DF4A74100D9EDF8 /* Frameworks */,
				018ADC551DF4A74100D9EDF8 /* Resources */,
			);
			buildRules = (
			);
			dependencies = (
				018ADC591DF4A74100D9EDF8 /* PBXTargetDependency */,
			);
			name = CardPuncherUITests;
			productName = CardPuncherUITests;
			productReference = 018ADC571DF4A74100D9EDF8 /* CardPuncherUITests.xctest */;
			productType = "com.apple.product-type.bundle.ui-testing";
		};
/* End PBXNativeTarget section */

/* Begin PBXProject section */
		018ADC301DF4A74100D9EDF8 /* Project object */ = {
			isa = PBXProject;
			attributes = {
				LastSwiftUpdateCheck = 0800;
				LastUpgradeCheck = 0800;
				ORGANIZATIONNAME = "Brock Swann";
				TargetAttributes = {
					018ADC371DF4A74100D9EDF8 = {
						CreatedOnToolsVersion = 8.0;
						ProvisioningStyle = Automatic;
					};
					018ADC4B1DF4A74100D9EDF8 = {
						CreatedOnToolsVersion = 8.0;
						ProvisioningStyle = Automatic;
						TestTargetID = 018ADC371DF4A74100D9EDF8;
					};
					018ADC561DF4A74100D9EDF8 = {
						CreatedOnToolsVersion = 8.0;
						ProvisioningStyle = Automatic;
						TestTargetID = 018ADC371DF4A74100D9EDF8;
					};
				};
			};
			buildConfigurationList = 018ADC331DF4A74100D9EDF8 /* Build configuration list for PBXProject "CardPuncher" */;
			compatibilityVersion = "Xcode 3.2";
			developmentRegion = English;
			hasScannedForEncodings = 0;
			knownRegions = (
				en,
				Base,
			);
			mainGroup = 018ADC2F1DF4A74100D9EDF8;
			productRefGroup = 018ADC391DF4A74100D9EDF8 /* Products */;
			projectDirPath = "";
			projectRoot = "";
			targets = (
				018ADC371DF4A74100D9EDF8 /* CardPuncher */,
				018ADC4B1DF4A74100D9EDF8 /* CardPuncherTests */,
				018ADC561DF4A74100D9EDF8 /* CardPuncherUITests */,
			);
		};
/* End PBXProject section */

/* Begin PBXResourcesBuildPhase section */
		018ADC361DF4A74100D9EDF8 /* Resources */ = {
			isa = PBXResourcesBuildPhase;
			buildActionMask = 2147483647;
			files = (
				018ADC461DF4A74100D9EDF8 /* LaunchScreen.storyboard in Resources */,
				018ADC431DF4A74100D9EDF8 /* Assets.xcassets in Resources */,
				018ADC411DF4A74100D9EDF8 /* Main.storyboard in Resources */,
			);
			runOnlyForDeploymentPostprocessing = 0;
		};
		018ADC4A1DF4A74100D9EDF8 /* Resources */ = {
			isa = PBXResourcesBuildPhase;
			buildActionMask = 2147483647;
			files = (
			);
			runOnlyForDeploymentPostprocessing = 0;
		};
		018ADC551DF4A74100D9EDF8 /* Resources */ = {
			isa = PBXResourcesBuildPhase;
			buildActionMask = 2147483647;
			files = (
			);
			runOnlyForDeploymentPostprocessing = 0;
		};
/* End PBXResourcesBuildPhase section */

/* Begin PBXSourcesBuildPhase section */
		018ADC341DF4A74100D9EDF8 /* Sources */ = {
			isa = PBXSourcesBuildPhase;
			buildActionMask = 2147483647;
			files = (
				018ADC3E1DF4A74100D9EDF8 /* ViewController.swift in Sources */,
				018ADC3C1DF4A74100D9EDF8 /* AppDelegate.swift in Sources */,
			);
			runOnlyForDeploymentPostprocessing = 0;
		};
		018ADC481DF4A74100D9EDF8 /* Sources */ = {
			isa = PBXSourcesBuildPhase;
			buildActionMask = 2147483647;
			files = (
				018ADC511DF4A74100D9EDF8 /* CardPuncherTests.swift in Sources */,
			);
			runOnlyForDeploymentPostprocessing = 0;
		};
		018ADC531DF4A74100D9EDF8 /* Sources */ = {
			isa = PBXSourcesBuildPhase;
			buildActionMask = 2147483647;
			files = (
				018ADC5C1DF4A74100D9EDF8 /* CardPuncherUITests.swift in Sources */,
			);
			runOnlyForDeploymentPostprocessing = 0;
		};
/* End PBXSourcesBuildPhase section */

/* Begin PBXTargetDependency section */
		018ADC4E1DF4A74100D9EDF8 /* PBXTargetDependency */ = {
			isa = PBXTargetDependency;
			target = 018ADC371DF4A74100D9EDF8 /* CardPuncher */;
			targetProxy = 018ADC4D1DF4A74100D9EDF8 /* PBXContainerItemProxy */;
		};
		018ADC591DF4A74100D9EDF8 /* PBXTargetDependency */ = {
			isa = PBXTargetDependency;
			target = 018ADC371DF4A74100D9EDF8 /* CardPuncher */;
			targetProxy = 018ADC581DF4A74100D9EDF8 /* PBXContainerItemProxy */;
		};
/* End PBXTargetDependency section */

/* Begin PBXVariantGroup section */
		018ADC3F1DF4A74100D9EDF8 /* Main.storyboard */ = {
			isa = PBXVariantGroup;
			children = (
				018ADC401DF4A74100D9EDF8 /* Base */,
			);
			name = Main.storyboard;
			sourceTree = "<group>";
		};
		018ADC441DF4A74100D9EDF8 /* LaunchScreen.storyboard */ = {
			isa = PBXVariantGroup;
			children = (
				018ADC451DF4A74100D9EDF8 /* Base */,
			);
			name = LaunchScreen.storyboard;
			sourceTree = "<group>";
		};
/* End PBXVariantGroup section */

/* Begin XCBuildConfiguration section */
		018ADC5E1DF4A74100D9EDF8 /* Debug */ = {
			isa = XCBuildConfiguration;
			buildSettings = {
				ALWAYS_SEARCH_USER_PATHS = NO;
				CLANG_ANALYZER_NONNULL = YES;
				CLANG_CXX_LANGUAGE_STANDARD = "gnu++0x";
				CLANG_CXX_LIBRARY = "libc++";
				CLANG_ENABLE_MODULES = YES;
				CLANG_ENABLE_OBJC_ARC = YES;
				CLANG_WARN_BOOL_CONVERSION = YES;
				CLANG_WARN_CONSTANT_CONVERSION = YES;
				CLANG_WARN_DIRECT_OBJC_ISA_USAGE = YES_ERROR;
				CLANG_WARN_DOCUMENTATION_COMMENTS = YES;
				CLANG_WARN_EMPTY_BODY = YES;
				CLANG_WARN_ENUM_CONVERSION = YES;
				CLANG_WARN_INFINITE_RECURSION = YES;
				CLANG_WARN_INT_CONVERSION = YES;
				CLANG_WARN_OBJC_ROOT_CLASS = YES_ERROR;
				CLANG_WARN_SUSPICIOUS_MOVES = YES;
				CLANG_WARN_UNREACHABLE_CODE = YES;
				CLANG_WARN__DUPLICATE_METHOD_MATCH = YES;
				"CODE_SIGN_IDENTITY[sdk=iphoneos*]" = "iPhone Developer";
				COPY_PHASE_STRIP = NO;
				DEBUG_INFORMATION_FORMAT = dwarf;
				ENABLE_STRICT_OBJC_MSGSEND = YES;
				ENABLE_TESTABILITY = YES;
				GCC_C_LANGUAGE_STANDARD = gnu99;
				GCC_DYNAMIC_NO_PIC = NO;
				GCC_NO_COMMON_BLOCKS = YES;
				GCC_OPTIMIZATION_LEVEL = 0;
				GCC_PREPROCESSOR_DEFINITIONS = (
					"DEBUG=1",
					"$(inherited)",
				);
				GCC_WARN_64_TO_32_BIT_CONVERSION = YES;
				GCC_WARN_ABOUT_RETURN_TYPE = YES_ERROR;
				GCC_WARN_UNDECLARED_SELECTOR = YES;
				GCC_WARN_UNINITIALIZED_AUTOS = YES_AGGRESSIVE;
				GCC_WARN_UNUSED_FUNCTION = YES;
				GCC_WARN_UNUSED_VARIABLE = YES;
				IPHONEOS_DEPLOYMENT_TARGET = 10.0;
				MTL_ENABLE_DEBUG_INFO = YES;
				ONLY_ACTIVE_ARCH = YES;
				SDKROOT = iphoneos;
				SWIFT_ACTIVE_COMPILATION_CONDITIONS = DEBUG;
				SWIFT_OPTIMIZATION_LEVEL = "-Onone";
				TARGETED_DEVICE_FAMILY = "1,2";
			};
			name = Debug;
		};
		018ADC5F1DF4A74100D9EDF8 /* Release */ = {
			isa = XCBuildConfiguration;
			buildSettings = {
				ALWAYS_SEARCH_USER_PATHS = NO;
				CLANG_ANALYZER_NONNULL = YES;
				CLANG_CXX_LANGUAGE_STANDARD = "gnu++0x";
				CLANG_CXX_LIBRARY = "libc++";
				CLANG_ENABLE_MODULES = YES;
				CLANG_ENABLE_OBJC_ARC = YES;
				CLANG_WARN_BOOL_CONVERSION = YES;
				CLANG_WARN_CONSTANT_CONVERSION = YES;
				CLANG_WARN_DIRECT_OBJC_ISA_USAGE = YES_ERROR;
				CLANG_WARN_DOCUMENTATION_COMMENTS = YES;
				CLANG_WARN_EMPTY_BODY = YES;
				CLANG_WARN_ENUM_CONVERSION = YES;
				CLANG_WARN_INFINITE_RECURSION = YES;
				CLANG_WARN_INT_CONVERSION = YES;
				CLANG_WARN_OBJC_ROOT_CLASS = YES_ERROR;
				CLANG_WARN_SUSPICIOUS_MOVES = YES;
				CLANG_WARN_UNREACHABLE_CODE = YES;
				CLANG_WARN__DUPLICATE_METHOD_MATCH = YES;
				"CODE_SIGN_IDENTITY[sdk=iphoneos*]" = "iPhone Developer";
				COPY_PHASE_STRIP = NO;
				DEBUG_INFORMATION_FORMAT = "dwarf-with-dsym";
				ENABLE_NS_ASSERTIONS = NO;
				ENABLE_STRICT_OBJC_MSGSEND = YES;
				GCC_C_LANGUAGE_STANDARD = gnu99;
				GCC_NO_COMMON_BLOCKS = YES;
				GCC_WARN_64_TO_32_BIT_CONVERSION = YES;
				GCC_WARN_ABOUT_RETURN_TYPE = YES_ERROR;
				GCC_WARN_UNDECLARED_SELECTOR = YES;
				GCC_WARN_UNINITIALIZED_AUTOS = YES_AGGRESSIVE;
				GCC_WARN_UNUSED_FUNCTION = YES;
				GCC_WARN_UNUSED_VARIABLE = YES;
				IPHONEOS_DEPLOYMENT_TARGET = 10.0;
				MTL_ENABLE_DEBUG_INFO = NO;
				SDKROOT = iphoneos;
				SWIFT_OPTIMIZATION_LEVEL = "-Owholemodule";
				TARGETED_DEVICE_FAMILY = "1,2";
				VALIDATE_PRODUCT = YES;
			};
			name = Release;
		};
		018ADC611DF4A74100D9EDF8 /* Debug */ = {
			isa = XCBuildConfiguration;
			buildSettings = {
				ASSETCATALOG_COMPILER_APPICON_NAME = AppIcon;
				INFOPLIST_FILE = CardPuncher/Info.plist;
				LD_RUNPATH_SEARCH_PATHS = "$(inherited) @executable_path/Frameworks";
				PRODUCT_BUNDLE_IDENTIFIER = AMB.CardPuncher;
				PRODUCT_NAME = "$(TARGET_NAME)";
				SWIFT_VERSION = 3.0;
			};
			name = Debug;
		};
		018ADC621DF4A74100D9EDF8 /* Release */ = {
			isa = XCBuildConfiguration;
			buildSettings = {
				ASSETCATALOG_COMPILER_APPICON_NAME = AppIcon;
				INFOPLIST_FILE = CardPuncher/Info.plist;
				LD_RUNPATH_SEARCH_PATHS = "$(inherited) @executable_path/Frameworks";
				PRODUCT_BUNDLE_IDENTIFIER = AMB.CardPuncher;
				PRODUCT_NAME = "$(TARGET_NAME)";
				SWIFT_VERSION = 3.0;
			};
			name = Release;
		};
		018ADC641DF4A74100D9EDF8 /* Debug */ = {
			isa = XCBuildConfiguration;
			buildSettings = {
				ALWAYS_EMBED_SWIFT_STANDARD_LIBRARIES = YES;
				BUNDLE_LOADER = "$(TEST_HOST)";
				INFOPLIST_FILE = CardPuncherTests/Info.plist;
				LD_RUNPATH_SEARCH_PATHS = "$(inherited) @executable_path/Frameworks @loader_path/Frameworks";
				PRODUCT_BUNDLE_IDENTIFIER = AMB.CardPuncherTests;
				PRODUCT_NAME = "$(TARGET_NAME)";
				SWIFT_VERSION = 3.0;
				TEST_HOST = "$(BUILT_PRODUCTS_DIR)/CardPuncher.app/CardPuncher";
			};
			name = Debug;
		};
		018ADC651DF4A74100D9EDF8 /* Release */ = {
			isa = XCBuildConfiguration;
			buildSettings = {
				ALWAYS_EMBED_SWIFT_STANDARD_LIBRARIES = YES;
				BUNDLE_LOADER = "$(TEST_HOST)";
				INFOPLIST_FILE = CardPuncherTests/Info.plist;
				LD_RUNPATH_SEARCH_PATHS = "$(inherited) @executable_path/Frameworks @loader_path/Frameworks";
				PRODUCT_BUNDLE_IDENTIFIER = AMB.CardPuncherTests;
				PRODUCT_NAME = "$(TARGET_NAME)";
				SWIFT_VERSION = 3.0;
				TEST_HOST = "$(BUILT_PRODUCTS_DIR)/CardPuncher.app/CardPuncher";
			};
			name = Release;
		};
		018ADC671DF4A74100D9EDF8 /* Debug */ = {
			isa = XCBuildConfiguration;
			buildSettings = {
				ALWAYS_EMBED_SWIFT_STANDARD_LIBRARIES = YES;
				INFOPLIST_FILE = CardPuncherUITests/Info.plist;
				LD_RUNPATH_SEARCH_PATHS = "$(inherited) @executable_path/Frameworks @loader_path/Frameworks";
				PRODUCT_BUNDLE_IDENTIFIER = AMB.CardPuncherUITests;
				PRODUCT_NAME = "$(TARGET_NAME)";
				SWIFT_VERSION = 3.0;
				TEST_TARGET_NAME = CardPuncher;
			};
			name = Debug;
		};
		018ADC681DF4A74100D9EDF8 /* Release */ = {
			isa = XCBuildConfiguration;
			buildSettings = {
				ALWAYS_EMBED_SWIFT_STANDARD_LIBRARIES = YES;
				INFOPLIST_FILE = CardPuncherUITests/Info.plist;
				LD_RUNPATH_SEARCH_PATHS = "$(inherited) @executable_path/Frameworks @loader_path/Frameworks";
				PRODUCT_BUNDLE_IDENTIFIER = AMB.CardPuncherUITests;
				PRODUCT_NAME = "$(TARGET_NAME)";
				SWIFT_VERSION = 3.0;
				TEST_TARGET_NAME = CardPuncher;
			};
			name = Release;
		};
/* End XCBuildConfiguration section */

/* Begin XCConfigurationList section */
		018ADC331DF4A74100D9EDF8 /* Build configuration list for PBXProject "CardPuncher" */ = {
			isa = XCConfigurationList;
			buildConfigurations = (
				018ADC5E1DF4A74100D9EDF8 /* Debug */,
				018ADC5F1DF4A74100D9EDF8 /* Release */,
			);
			defaultConfigurationIsVisible = 0;
			defaultConfigurationName = Release;
		};
		018ADC601DF4A74100D9EDF8 /* Build configuration list for PBXNativeTarget "CardPuncher" */ = {
			isa = XCConfigurationList;
			buildConfigurations = (
				018ADC611DF4A74100D9EDF8 /* Debug */,
				018ADC621DF4A74100D9EDF8 /* Release */,
			);
			defaultConfigurationIsVisible = 0;
		};
		018ADC631DF4A74100D9EDF8 /* Build configuration list for PBXNativeTarget "CardPuncherTests" */ = {
			isa = XCConfigurationList;
			buildConfigurations = (
				018ADC641DF4A74100D9EDF8 /* Debug */,
				018ADC651DF4A74100D9EDF8 /* Release */,
			);
			defaultConfigurationIsVisible = 0;
		};
		018ADC661DF4A74100D9EDF8 /* Build configuration list for PBXNativeTarget "CardPuncherUITests" */ = {
			isa = XCConfigurationList;
			buildConfigurations = (
				018ADC671DF4A74100D9EDF8 /* Debug */,
				018ADC681DF4A74100D9EDF8 /* Release */,
			);
			defaultConfigurationIsVisible = 0;
		};
/* End XCConfigurationList section */
	};
	rootObject = 018ADC301DF4A74100D9EDF8 /* Project object */;
}
